
Microsoft Visual Studio Solution File, Format Version 12.00
# Visual Studio 15
VisualStudioVersion = 15.0.28307.106
MinimumVisualStudioVersion = 10.0.40219.1
Project("{FAE04EC0-301F-11D3-BF4B-00C04F79EFBC}") = "MediaConverter", "HenkankunModoki\MediaConverter.csproj", "{BAEB9A8E-90B2-408C-8E6B-69D1FB242149}"
EndProject
Global
	GlobalSection(SolutionConfigurationPlatforms) = preSolution
		Debug|Any CPU = Debug|Any CPU
		Release|Any CPU = Release|Any CPU
	EndGlobalSection
	GlobalSection(ProjectConfigurationPlatforms) = postSolution
		{BAEB9A8E-90B2-408C-8E6B-69D1FB242149}.Debug|Any CPU.ActiveCfg = Debug|Any CPU
		{BAEB9A8E-90B2-408C-8E6B-69D1FB242149}.Debug|Any CPU.Build.0 = Debug|Any CPU
		{BAEB9A8E-90B2-408C-8E6B-69D1FB242149}.Release|Any CPU.ActiveCfg = Release|Any CPU
		{BAEB9A8E-90B2-408C-8E6B-69D1FB242149}.Release|Any CPU.Build.0 = Release|Any CPU
	EndGlobalSection
	GlobalSection(SolutionProperties) = preSolution
		HideSolutionNode = FALSE
	EndGlobalSection
	GlobalSection(ExtensibilityGlobals) = postSolution
		SolutionGuid = {4CB399AD-A519-4EFC-8F0F-B69294E63A4D}
	EndGlobalSection
EndGlobal
